// !$*UTF8*$!
{
	archiveVersion = 1;
	classes = {
	};
	objectVersion = 50;
	objects = {

/* Begin PBXBuildFile section */
		7A915BE222C66C0C00DDCBE7 /* Model.swift in Sources */ = {isa = PBXBuildFile; fileRef = 7A915BE122C66C0C00DDCBE7 /* Model.swift */; };
		7A915BE522C6704E00DDCBE7 /* UpdateStatusObserver.swift in Sources */ = {isa = PBXBuildFile; fileRef = 7A915BE422C6704E00DDCBE7 /* UpdateStatusObserver.swift */; };
		7A96EB0822C6C34700BEEAEE /* KenVector Bold.ttf in Resources */ = {isa = PBXBuildFile; fileRef = 7A96EB0722C6C34700BEEAEE /* KenVector Bold.ttf */; };
		7AC6280922C915AC00A254AA /* MenuViewController.swift in Sources */ = {isa = PBXBuildFile; fileRef = 7AC6280822C915AC00A254AA /* MenuViewController.swift */; };
		7AC6280C22C9199500A254AA /* MenuTableViewCell.swift in Sources */ = {isa = PBXBuildFile; fileRef = 7AC6280B22C9199500A254AA /* MenuTableViewCell.swift */; };
		7AC6280E22C926C000A254AA /* NSAttributedStringExtensions.swift in Sources */ = {isa = PBXBuildFile; fileRef = 7AC6280D22C926C000A254AA /* NSAttributedStringExtensions.swift */; };
		7AD3BEB822C2509700FC49A2 /* AppDelegate.swift in Sources */ = {isa = PBXBuildFile; fileRef = 7AD3BEB722C2509700FC49A2 /* AppDelegate.swift */; };
		7AD3BEBE22C2509700FC49A2 /* GameScene.swift in Sources */ = {isa = PBXBuildFile; fileRef = 7AD3BEBD22C2509700FC49A2 /* GameScene.swift */; };
		7AD3BEC022C2509700FC49A2 /* GameViewController.swift in Sources */ = {isa = PBXBuildFile; fileRef = 7AD3BEBF22C2509700FC49A2 /* GameViewController.swift */; };
		7AD3BEC322C2509700FC49A2 /* Main.storyboard in Resources */ = {isa = PBXBuildFile; fileRef = 7AD3BEC122C2509700FC49A2 /* Main.storyboard */; };
		7AD3BEC522C2509900FC49A2 /* Assets.xcassets in Resources */ = {isa = PBXBuildFile; fileRef = 7AD3BEC422C2509900FC49A2 /* Assets.xcassets */; };
		7AD3BEC822C2509900FC49A2 /* LaunchScreen.storyboard in Resources */ = {isa = PBXBuildFile; fileRef = 7AD3BEC622C2509900FC49A2 /* LaunchScreen.storyboard */; };
		7AD3BED022C250C400FC49A2 /* Classes.swift in Sources */ = {isa = PBXBuildFile; fileRef = 7AD3BECF22C250C400FC49A2 /* Classes.swift */; };
		7AD3BED622C3CAF200FC49A2 /* CGPointExtensions.swift in Sources */ = {isa = PBXBuildFile; fileRef = 7AD3BED522C3CAF200FC49A2 /* CGPointExtensions.swift */; };
		7AD3BED822C463A300FC49A2 /* UIColorExtensions.swift in Sources */ = {isa = PBXBuildFile; fileRef = 7AD3BED722C463A300FC49A2 /* UIColorExtensions.swift */; };
/* End PBXBuildFile section */

/* Begin PBXFileReference section */
		7A915BE122C66C0C00DDCBE7 /* Model.swift */ = {isa = PBXFileReference; lastKnownFileType = sourcecode.swift; path = Model.swift; sourceTree = "<group>"; };
		7A915BE422C6704E00DDCBE7 /* UpdateStatusObserver.swift */ = {isa = PBXFileReference; lastKnownFileType = sourcecode.swift; path = UpdateStatusObserver.swift; sourceTree = "<group>"; };
		7A96EB0722C6C34700BEEAEE /* KenVector Bold.ttf */ = {isa = PBXFileReference; lastKnownFileType = file; path = "KenVector Bold.ttf"; sourceTree = "<group>"; };
		7AC6280822C915AC00A254AA /* MenuViewController.swift */ = {isa = PBXFileReference; lastKnownFileType = sourcecode.swift; path = MenuViewController.swift; sourceTree = "<group>"; };
		7AC6280B22C9199500A254AA /* MenuTableViewCell.swift */ = {isa = PBXFileReference; lastKnownFileType = sourcecode.swift; path = MenuTableViewCell.swift; sourceTree = "<group>"; };
		7AC6280D22C926C000A254AA /* NSAttributedStringExtensions.swift */ = {isa = PBXFileReference; lastKnownFileType = sourcecode.swift; path = NSAttributedStringExtensions.swift; sourceTree = "<group>"; };
		7AD3BEB422C2509700FC49A2 /* Graph Algorithms.app */ = {isa = PBXFileReference; explicitFileType = wrapper.application; includeInIndex = 0; path = "Graph Algorithms.app"; sourceTree = BUILT_PRODUCTS_DIR; };
		7AD3BEB722C2509700FC49A2 /* AppDelegate.swift */ = {isa = PBXFileReference; lastKnownFileType = sourcecode.swift; path = AppDelegate.swift; sourceTree = "<group>"; };
		7AD3BEBD22C2509700FC49A2 /* GameScene.swift */ = {isa = PBXFileReference; lastKnownFileType = sourcecode.swift; path = GameScene.swift; sourceTree = "<group>"; };
		7AD3BEBF22C2509700FC49A2 /* GameViewController.swift */ = {isa = PBXFileReference; lastKnownFileType = sourcecode.swift; path = GameViewController.swift; sourceTree = "<group>"; };
		7AD3BEC222C2509700FC49A2 /* Base */ = {isa = PBXFileReference; lastKnownFileType = file.storyboard; name = Base; path = Base.lproj/Main.storyboard; sourceTree = "<group>"; };
		7AD3BEC422C2509900FC49A2 /* Assets.xcassets */ = {isa = PBXFileReference; lastKnownFileType = folder.assetcatalog; path = Assets.xcassets; sourceTree = "<group>"; };
		7AD3BEC722C2509900FC49A2 /* Base */ = {isa = PBXFileReference; lastKnownFileType = file.storyboard; name = Base; path = Base.lproj/LaunchScreen.storyboard; sourceTree = "<group>"; };
		7AD3BEC922C2509900FC49A2 /* Info.plist */ = {isa = PBXFileReference; lastKnownFileType = text.plist.xml; path = Info.plist; sourceTree = "<group>"; };
		7AD3BECF22C250C400FC49A2 /* Classes.swift */ = {isa = PBXFileReference; lastKnownFileType = sourcecode.swift; path = Classes.swift; sourceTree = "<group>"; };
		7AD3BED522C3CAF200FC49A2 /* CGPointExtensions.swift */ = {isa = PBXFileReference; fileEncoding = 4; lastKnownFileType = sourcecode.swift; path = CGPointExtensions.swift; sourceTree = "<group>"; };
		7AD3BED722C463A300FC49A2 /* UIColorExtensions.swift */ = {isa = PBXFileReference; lastKnownFileType = sourcecode.swift; path = UIColorExtensions.swift; sourceTree = "<group>"; };
/* End PBXFileReference section */

/* Begin PBXFrameworksBuildPhase section */
		7AD3BEB122C2509700FC49A2 /* Frameworks */ = {
			isa = PBXFrameworksBuildPhase;
			buildActionMask = 2147483647;
			files = (
			);
			runOnlyForDeploymentPostprocessing = 0;
		};
/* End PBXFrameworksBuildPhase section */

/* Begin PBXGroup section */
		7A915BE022C66C0100DDCBE7 /* Model */ = {
			isa = PBXGroup;
			children = (
				7A915BE122C66C0C00DDCBE7 /* Model.swift */,
			);
			path = Model;
			sourceTree = "<group>";
		};
		7A915BE322C6702C00DDCBE7 /* Protocols */ = {
			isa = PBXGroup;
			children = (
				7A915BE422C6704E00DDCBE7 /* UpdateStatusObserver.swift */,
			);
			path = Protocols;
			sourceTree = "<group>";
		};
		7A96EB0622C6C2AF00BEEAEE /* Fonts */ = {
			isa = PBXGroup;
			children = (
				7A96EB0722C6C34700BEEAEE /* KenVector Bold.ttf */,
			);
			path = Fonts;
			sourceTree = "<group>";
		};
		7AC6280A22C9195C00A254AA /* View */ = {
			isa = PBXGroup;
			children = (
				7AD3BEC122C2509700FC49A2 /* Main.storyboard */,
				7AD3BEC622C2509900FC49A2 /* LaunchScreen.storyboard */,
				7AC6280B22C9199500A254AA /* MenuTableViewCell.swift */,
			);
			path = View;
			sourceTree = "<group>";
		};
		7AD3BEAB22C2509700FC49A2 = {
			isa = PBXGroup;
			children = (
				7AD3BEB622C2509700FC49A2 /* Sound Nodes */,
				7AD3BEB522C2509700FC49A2 /* Products */,
			);
			sourceTree = "<group>";
		};
		7AD3BEB522C2509700FC49A2 /* Products */ = {
			isa = PBXGroup;
			children = (
				7AD3BEB422C2509700FC49A2 /* Graph Algorithms.app */,
			);
			name = Products;
			sourceTree = "<group>";
		};
		7AD3BEB622C2509700FC49A2 /* Sound Nodes */ = {
			isa = PBXGroup;
			children = (
				7AD3BEB722C2509700FC49A2 /* AppDelegate.swift */,
				7AD3BEC922C2509900FC49A2 /* Info.plist */,
				7AD3BED422C2F3C700FC49A2 /* Assets */,
				7AD3BED222C2F3B200FC49A2 /* Scenes */,
				7AC6280A22C9195C00A254AA /* View */,
				7AD3BED122C2F39F00FC49A2 /* ViewController */,
				7AD3BEDA22C4689300FC49A2 /* Classes */,
				7A915BE022C66C0100DDCBE7 /* Model */,
				7A915BE322C6702C00DDCBE7 /* Protocols */,
				7AD3BED922C465F800FC49A2 /* Extensions */,
			);
			path = "Sound Nodes";
			sourceTree = "<group>";
		};
		7AD3BED122C2F39F00FC49A2 /* ViewController */ = {
			isa = PBXGroup;
			children = (
				7AD3BEBF22C2509700FC49A2 /* GameViewController.swift */,
				7AC6280822C915AC00A254AA /* MenuViewController.swift */,
			);
			path = ViewController;
			sourceTree = "<group>";
		};
		7AD3BED222C2F3B200FC49A2 /* Scenes */ = {
			isa = PBXGroup;
			children = (
				7AD3BEBD22C2509700FC49A2 /* GameScene.swift */,
			);
			path = Scenes;
			sourceTree = "<group>";
		};
		7AD3BED422C2F3C700FC49A2 /* Assets */ = {
			isa = PBXGroup;
			children = (
				7AD3BEC422C2509900FC49A2 /* Assets.xcassets */,
				7A96EB0622C6C2AF00BEEAEE /* Fonts */,
			);
			path = Assets;
			sourceTree = "<group>";
		};
		7AD3BED922C465F800FC49A2 /* Extensions */ = {
			isa = PBXGroup;
			children = (
				7AD3BED522C3CAF200FC49A2 /* CGPointExtensions.swift */,
				7AD3BED722C463A300FC49A2 /* UIColorExtensions.swift */,
				7AC6280D22C926C000A254AA /* NSAttributedStringExtensions.swift */,
			);
			path = Extensions;
			sourceTree = "<group>";
		};
		7AD3BEDA22C4689300FC49A2 /* Classes */ = {
			isa = PBXGroup;
			children = (
				7AD3BECF22C250C400FC49A2 /* Classes.swift */,
			);
			path = Classes;
			sourceTree = "<group>";
		};
/* End PBXGroup section */

/* Begin PBXNativeTarget section */
		7AD3BEB322C2509700FC49A2 /* Graph Algorithms */ = {
			isa = PBXNativeTarget;
			buildConfigurationList = 7AD3BECC22C2509900FC49A2 /* Build configuration list for PBXNativeTarget "Graph Algorithms" */;
			buildPhases = (
				7AD3BEB022C2509700FC49A2 /* Sources */,
				7AD3BEB122C2509700FC49A2 /* Frameworks */,
				7AD3BEB222C2509700FC49A2 /* Resources */,
			);
			buildRules = (
			);
			dependencies = (
			);
			name = "Graph Algorithms";
			productName = "Sound Nodes";
			productReference = 7AD3BEB422C2509700FC49A2 /* Graph Algorithms.app */;
			productType = "com.apple.product-type.application";
		};
/* End PBXNativeTarget section */

/* Begin PBXProject section */
		7AD3BEAC22C2509700FC49A2 /* Project object */ = {
			isa = PBXProject;
			attributes = {
				LastSwiftUpdateCheck = 1020;
				LastUpgradeCheck = 1020;
				ORGANIZATIONNAME = "Otávio Baziewicz Filho";
				TargetAttributes = {
					7AD3BEB322C2509700FC49A2 = {
						CreatedOnToolsVersion = 10.2.1;
					};
				};
			};
			buildConfigurationList = 7AD3BEAF22C2509700FC49A2 /* Build configuration list for PBXProject "Graph Algorithms" */;
			compatibilityVersion = "Xcode 9.3";
			developmentRegion = en;
			hasScannedForEncodings = 0;
			knownRegions = (
				en,
				Base,
			);
			mainGroup = 7AD3BEAB22C2509700FC49A2;
			productRefGroup = 7AD3BEB522C2509700FC49A2 /* Products */;
			projectDirPath = "";
			projectRoot = "";
			targets = (
				7AD3BEB322C2509700FC49A2 /* Graph Algorithms */,
			);
		};
/* End PBXProject section */

/* Begin PBXResourcesBuildPhase section */
		7AD3BEB222C2509700FC49A2 /* Resources */ = {
			isa = PBXResourcesBuildPhase;
			buildActionMask = 2147483647;
			files = (
				7A96EB0822C6C34700BEEAEE /* KenVector Bold.ttf in Resources */,
				7AD3BEC322C2509700FC49A2 /* Main.storyboard in Resources */,
				7AD3BEC522C2509900FC49A2 /* Assets.xcassets in Resources */,
				7AD3BEC822C2509900FC49A2 /* LaunchScreen.storyboard in Resources */,
			);
			runOnlyForDeploymentPostprocessing = 0;
		};
/* End PBXResourcesBuildPhase section */

/* Begin PBXSourcesBuildPhase section */
		7AD3BEB022C2509700FC49A2 /* Sources */ = {
			isa = PBXSourcesBuildPhase;
			buildActionMask = 2147483647;
			files = (
				7A915BE222C66C0C00DDCBE7 /* Model.swift in Sources */,
				7AD3BEBE22C2509700FC49A2 /* GameScene.swift in Sources */,
				7AD3BEC022C2509700FC49A2 /* GameViewController.swift in Sources */,
				7AD3BED622C3CAF200FC49A2 /* CGPointExtensions.swift in Sources */,
				7AC6280C22C9199500A254AA /* MenuTableViewCell.swift in Sources */,
				7AC6280922C915AC00A254AA /* MenuViewController.swift in Sources */,
				7A915BE522C6704E00DDCBE7 /* UpdateStatusObserver.swift in Sources */,
				7AD3BED822C463A300FC49A2 /* UIColorExtensions.swift in Sources */,
				7AD3BED022C250C400FC49A2 /* Classes.swift in Sources */,
				7AC6280E22C926C000A254AA /* NSAttributedStringExtensions.swift in Sources */,
				7AD3BEB822C2509700FC49A2 /* AppDelegate.swift in Sources */,
			);
			runOnlyForDeploymentPostprocessing = 0;
		};
/* End PBXSourcesBuildPhase section */

/* Begin PBXVariantGroup section */
		7AD3BEC122C2509700FC49A2 /* Main.storyboard */ = {
			isa = PBXVariantGroup;
			children = (
				7AD3BEC222C2509700FC49A2 /* Base */,
			);
			name = Main.storyboard;
			sourceTree = "<group>";
		};
		7AD3BEC622C2509900FC49A2 /* LaunchScreen.storyboard */ = {
			isa = PBXVariantGroup;
			children = (
				7AD3BEC722C2509900FC49A2 /* Base */,
			);
			name = LaunchScreen.storyboard;
			sourceTree = "<group>";
		};
/* End PBXVariantGroup section */

/* Begin XCBuildConfiguration section */
		7AD3BECA22C2509900FC49A2 /* Debug */ = {
			isa = XCBuildConfiguration;
			buildSettings = {
				ALWAYS_SEARCH_USER_PATHS = NO;
				CLANG_ANALYZER_NONNULL = YES;
				CLANG_ANALYZER_NUMBER_OBJECT_CONVERSION = YES_AGGRESSIVE;
				CLANG_CXX_LANGUAGE_STANDARD = "gnu++14";
				CLANG_CXX_LIBRARY = "libc++";
				CLANG_ENABLE_MODULES = YES;
				CLANG_ENABLE_OBJC_ARC = YES;
				CLANG_ENABLE_OBJC_WEAK = YES;
				CLANG_WARN_BLOCK_CAPTURE_AUTORELEASING = YES;
				CLANG_WARN_BOOL_CONVERSION = YES;
				CLANG_WARN_COMMA = YES;
				CLANG_WARN_CONSTANT_CONVERSION = YES;
				CLANG_WARN_DEPRECATED_OBJC_IMPLEMENTATIONS = YES;
				CLANG_WARN_DIRECT_OBJC_ISA_USAGE = YES_ERROR;
				CLANG_WARN_DOCUMENTATION_COMMENTS = YES;
				CLANG_WARN_EMPTY_BODY = YES;
				CLANG_WARN_ENUM_CONVERSION = YES;
				CLANG_WARN_INFINITE_RECURSION = YES;
				CLANG_WARN_INT_CONVERSION = YES;
				CLANG_WARN_NON_LITERAL_NULL_CONVERSION = YES;
				CLANG_WARN_OBJC_IMPLICIT_RETAIN_SELF = YES;
				CLANG_WARN_OBJC_LITERAL_CONVERSION = YES;
				CLANG_WARN_OBJC_ROOT_CLASS = YES_ERROR;
				CLANG_WARN_RANGE_LOOP_ANALYSIS = YES;
				CLANG_WARN_STRICT_PROTOTYPES = YES;
				CLANG_WARN_SUSPICIOUS_MOVE = YES;
				CLANG_WARN_UNGUARDED_AVAILABILITY = YES_AGGRESSIVE;
				CLANG_WARN_UNREACHABLE_CODE = YES;
				CLANG_WARN__DUPLICATE_METHOD_MATCH = YES;
				CODE_SIGN_IDENTITY = "iPhone Developer";
				COPY_PHASE_STRIP = NO;
				DEBUG_INFORMATION_FORMAT = dwarf;
				ENABLE_STRICT_OBJC_MSGSEND = YES;
				ENABLE_TESTABILITY = YES;
				GCC_C_LANGUAGE_STANDARD = gnu11;
				GCC_DYNAMIC_NO_PIC = NO;
				GCC_NO_COMMON_BLOCKS = YES;
				GCC_OPTIMIZATION_LEVEL = 0;
				GCC_PREPROCESSOR_DEFINITIONS = (
					"DEBUG=1",
					"$(inherited)",
				);
				GCC_WARN_64_TO_32_BIT_CONVERSION = YES;
				GCC_WARN_ABOUT_RETURN_TYPE = YES_ERROR;
				GCC_WARN_UNDECLARED_SELECTOR = YES;
				GCC_WARN_UNINITIALIZED_AUTOS = YES_AGGRESSIVE;
				GCC_WARN_UNUSED_FUNCTION = YES;
				GCC_WARN_UNUSED_VARIABLE = YES;
				IPHONEOS_DEPLOYMENT_TARGET = 12.2;
				MTL_ENABLE_DEBUG_INFO = INCLUDE_SOURCE;
				MTL_FAST_MATH = YES;
				ONLY_ACTIVE_ARCH = YES;
				SDKROOT = iphoneos;
				SWIFT_ACTIVE_COMPILATION_CONDITIONS = DEBUG;
				SWIFT_OPTIMIZATION_LEVEL = "-Onone";
			};
			name = Debug;
		};
		7AD3BECB22C2509900FC49A2 /* Release */ = {
			isa = XCBuildConfiguration;
			buildSettings = {
				ALWAYS_SEARCH_USER_PATHS = NO;
				CLANG_ANALYZER_NONNULL = YES;
				CLANG_ANALYZER_NUMBER_OBJECT_CONVERSION = YES_AGGRESSIVE;
				CLANG_CXX_LANGUAGE_STANDARD = "gnu++14";
				CLANG_CXX_LIBRARY = "libc++";
				CLANG_ENABLE_MODULES = YES;
				CLANG_ENABLE_OBJC_ARC = YES;
				CLANG_ENABLE_OBJC_WEAK = YES;
				CLANG_WARN_BLOCK_CAPTURE_AUTORELEASING = YES;
				CLANG_WARN_BOOL_CONVERSION = YES;
				CLANG_WARN_COMMA = YES;
				CLANG_WARN_CONSTANT_CONVERSION = YES;
				CLANG_WARN_DEPRECATED_OBJC_IMPLEMENTATIONS = YES;
				CLANG_WARN_DIRECT_OBJC_ISA_USAGE = YES_ERROR;
				CLANG_WARN_DOCUMENTATION_COMMENTS = YES;
				CLANG_WARN_EMPTY_BODY = YES;
				CLANG_WARN_ENUM_CONVERSION = YES;
				CLANG_WARN_INFINITE_RECURSION = YES;
				CLANG_WARN_INT_CONVERSION = YES;
				CLANG_WARN_NON_LITERAL_NULL_CONVERSION = YES;
				CLANG_WARN_OBJC_IMPLICIT_RETAIN_SELF = YES;
				CLANG_WARN_OBJC_LITERAL_CONVERSION = YES;
				CLANG_WARN_OBJC_ROOT_CLASS = YES_ERROR;
				CLANG_WARN_RANGE_LOOP_ANALYSIS = YES;
				CLANG_WARN_STRICT_PROTOTYPES = YES;
				CLANG_WARN_SUSPICIOUS_MOVE = YES;
				CLANG_WARN_UNGUARDED_AVAILABILITY = YES_AGGRESSIVE;
				CLANG_WARN_UNREACHABLE_CODE = YES;
				CLANG_WARN__DUPLICATE_METHOD_MATCH = YES;
				CODE_SIGN_IDENTITY = "iPhone Developer";
				COPY_PHASE_STRIP = NO;
				DEBUG_INFORMATION_FORMAT = "dwarf-with-dsym";
				ENABLE_NS_ASSERTIONS = NO;
				ENABLE_STRICT_OBJC_MSGSEND = YES;
				GCC_C_LANGUAGE_STANDARD = gnu11;
				GCC_NO_COMMON_BLOCKS = YES;
				GCC_WARN_64_TO_32_BIT_CONVERSION = YES;
				GCC_WARN_ABOUT_RETURN_TYPE = YES_ERROR;
				GCC_WARN_UNDECLARED_SELECTOR = YES;
				GCC_WARN_UNINITIALIZED_AUTOS = YES_AGGRESSIVE;
				GCC_WARN_UNUSED_FUNCTION = YES;
				GCC_WARN_UNUSED_VARIABLE = YES;
				IPHONEOS_DEPLOYMENT_TARGET = 12.2;
				MTL_ENABLE_DEBUG_INFO = NO;
				MTL_FAST_MATH = YES;
				SDKROOT = iphoneos;
				SWIFT_COMPILATION_MODE = wholemodule;
				SWIFT_OPTIMIZATION_LEVEL = "-O";
				VALIDATE_PRODUCT = YES;
			};
			name = Release;
		};
		7AD3BECD22C2509900FC49A2 /* Debug */ = {
			isa = XCBuildConfiguration;
			buildSettings = {
				ASSETCATALOG_COMPILER_APPICON_NAME = AppIcon;
				CODE_SIGN_STYLE = Automatic;
				DEVELOPMENT_TEAM = 373U5VR954;
				INFOPLIST_FILE = "Sound Nodes/Info.plist";
				LD_RUNPATH_SEARCH_PATHS = (
					"$(inherited)",
					"@executable_path/Frameworks",
				);
				PRODUCT_BUNDLE_IDENTIFIER = br.pucpr.graphalgorithms;
				PRODUCT_NAME = "$(TARGET_NAME)";
				SWIFT_VERSION = 5.0;
				TARGETED_DEVICE_FAMILY = "1,2";
			};
			name = Debug;
		};
		7AD3BECE22C2509900FC49A2 /* Release */ = {
			isa = XCBuildConfiguration;
			buildSettings = {
				ASSETCATALOG_COMPILER_APPICON_NAME = AppIcon;
				CODE_SIGN_STYLE = Automatic;
				DEVELOPMENT_TEAM = 373U5VR954;
				INFOPLIST_FILE = "Sound Nodes/Info.plist";
				LD_RUNPATH_SEARCH_PATHS = (
					"$(inherited)",
					"@executable_path/Frameworks",
				);
				PRODUCT_BUNDLE_IDENTIFIER = br.pucpr.graphalgorithms;
				PRODUCT_NAME = "$(TARGET_NAME)";
				SWIFT_VERSION = 5.0;
				TARGETED_DEVICE_FAMILY = "1,2";
			};
			name = Release;
		};
/* End XCBuildConfiguration section */

/* Begin XCConfigurationList section */
		7AD3BEAF22C2509700FC49A2 /* Build configuration list for PBXProject "Graph Algorithms" */ = {
			isa = XCConfigurationList;
			buildConfigurations = (
				7AD3BECA22C2509900FC49A2 /* Debug */,
				7AD3BECB22C2509900FC49A2 /* Release */,
			);
			defaultConfigurationIsVisible = 0;
			defaultConfigurationName = Release;
		};
		7AD3BECC22C2509900FC49A2 /* Build configuration list for PBXNativeTarget "Graph Algorithms" */ = {
			isa = XCConfigurationList;
			buildConfigurations = (
				7AD3BECD22C2509900FC49A2 /* Debug */,
				7AD3BECE22C2509900FC49A2 /* Release */,
			);
			defaultConfigurationIsVisible = 0;
			defaultConfigurationName = Release;
		};
/* End XCConfigurationList section */
	};
	rootObject = 7AD3BEAC22C2509700FC49A2 /* Project object */;
}
